
Microsoft Visual Studio Solution File, Format Version 12.00
# Visual Studio 14
VisualStudioVersion = 14.0.25420.1
MinimumVisualStudioVersion = 10.0.40219.1
Project("{FAE04EC0-301F-11D3-BF4B-00C04F79EFBC}") = "AcmeVending", "AcmeVending\AcmeVending.csproj", "{69E67979-C712-4934-B78C-57B5BC750D82}"
EndProject
Project("{FAE04EC0-301F-11D3-BF4B-00C04F79EFBC}") = "AcmeVending.Tests", "AcmeVending.Tests\AcmeVending.Tests.csproj", "{9056BAF2-D428-4FB3-AE3A-73FB355ED3A4}"
EndProject
Project("{FAE04EC0-301F-11D3-BF4B-00C04F79EFBC}") = "AcmeVending.Services", "AcmeVending.Services\AcmeVending.Services.csproj", "{2B9D3936-D3EC-4577-BB33-43BD9918DD6A}"
EndProject
Project("{FAE04EC0-301F-11D3-BF4B-00C04F79EFBC}") = "AcmeVending.Domain", "AcmeVending.Domain\AcmeVending.Domain.csproj", "{FB19E9C1-EC49-4B0B-AC43-B4F2C66A0AAE}"
EndProject
Global
	GlobalSection(SolutionConfigurationPlatforms) = preSolution
		Debug|Any CPU = Debug|Any CPU
		Release|Any CPU = Release|Any CPU
	EndGlobalSection
	GlobalSection(ProjectConfigurationPlatforms) = postSolution
		{69E67979-C712-4934-B78C-57B5BC750D82}.Debug|Any CPU.ActiveCfg = Debug|Any CPU
		{69E67979-C712-4934-B78C-57B5BC750D82}.Debug|Any CPU.Build.0 = Debug|Any CPU
		{69E67979-C712-4934-B78C-57B5BC750D82}.Release|Any CPU.ActiveCfg = Release|Any CPU
		{69E67979-C712-4934-B78C-57B5BC750D82}.Release|Any CPU.Build.0 = Release|Any CPU
		{9056BAF2-D428-4FB3-AE3A-73FB355ED3A4}.Debug|Any CPU.ActiveCfg = Debug|Any CPU
		{9056BAF2-D428-4FB3-AE3A-73FB355ED3A4}.Debug|Any CPU.Build.0 = Debug|Any CPU
		{9056BAF2-D428-4FB3-AE3A-73FB355ED3A4}.Release|Any CPU.ActiveCfg = Release|Any CPU
		{9056BAF2-D428-4FB3-AE3A-73FB355ED3A4}.Release|Any CPU.Build.0 = Release|Any CPU
		{2B9D3936-D3EC-4577-BB33-43BD9918DD6A}.Debug|Any CPU.ActiveCfg = Debug|Any CPU
		{2B9D3936-D3EC-4577-BB33-43BD9918DD6A}.Debug|Any CPU.Build.0 = Debug|Any CPU
		{2B9D3936-D3EC-4577-BB33-43BD9918DD6A}.Release|Any CPU.ActiveCfg = Release|Any CPU
		{2B9D3936-D3EC-4577-BB33-43BD9918DD6A}.Release|Any CPU.Build.0 = Release|Any CPU
		{FB19E9C1-EC49-4B0B-AC43-B4F2C66A0AAE}.Debug|Any CPU.ActiveCfg = Debug|Any CPU
		{FB19E9C1-EC49-4B0B-AC43-B4F2C66A0AAE}.Debug|Any CPU.Build.0 = Debug|Any CPU
		{FB19E9C1-EC49-4B0B-AC43-B4F2C66A0AAE}.Release|Any CPU.ActiveCfg = Release|Any CPU
		{FB19E9C1-EC49-4B0B-AC43-B4F2C66A0AAE}.Release|Any CPU.Build.0 = Release|Any CPU
	EndGlobalSection
	GlobalSection(SolutionProperties) = preSolution
		HideSolutionNode = FALSE
	EndGlobalSection
EndGlobal
